
Microsoft Visual Studio Solution File, Format Version 12.00
# Visual Studio Version 16
VisualStudioVersion = 16.0.29318.209
MinimumVisualStudioVersion = 10.0.40219.1
Project("{FAE04EC0-301F-11D3-BF4B-00C04F79EFBC}") = "MealHubProject", "MealHubProject\MealHubProject.csproj", "{DF589F8D-3762-4C50-B253-909A286F41C8}"
EndProject
Global
	GlobalSection(SolutionConfigurationPlatforms) = preSolution
		Debug|Any CPU = Debug|Any CPU
		Release|Any CPU = Release|Any CPU
	EndGlobalSection
	GlobalSection(ProjectConfigurationPlatforms) = postSolution
		{DF589F8D-3762-4C50-B253-909A286F41C8}.Debug|Any CPU.ActiveCfg = Debug|Any CPU
		{DF589F8D-3762-4C50-B253-909A286F41C8}.Debug|Any CPU.Build.0 = Debug|Any CPU
		{DF589F8D-3762-4C50-B253-909A286F41C8}.Release|Any CPU.ActiveCfg = Release|Any CPU
		{DF589F8D-3762-4C50-B253-909A286F41C8}.Release|Any CPU.Build.0 = Release|Any CPU
	EndGlobalSection
	GlobalSection(SolutionProperties) = preSolution
		HideSolutionNode = FALSE
	EndGlobalSection
	GlobalSection(ExtensibilityGlobals) = postSolution
		SolutionGuid = {499F822E-3ED0-443A-ACBF-9F72D71296AA}
	EndGlobalSection
EndGlobal
